
Microsoft Visual Studio Solution File, Format Version 12.00
# Visual Studio 15
VisualStudioVersion = 15.0.28307.271
MinimumVisualStudioVersion = 10.0.40219.1
Project("{FAE04EC0-301F-11D3-BF4B-00C04F79EFBC}") = "TotalSynergy.WebAPI", "TotalSynergy.TechTest\TotalSynergy.WebAPI.csproj", "{E10481F5-124B-4917-955D-F1155B669F55}"
EndProject
Project("{FAE04EC0-301F-11D3-BF4B-00C04F79EFBC}") = "TotalSynergy.Common", "TotalSynergy.Common\TotalSynergy.Common.csproj", "{16DC71D4-6445-4E5F-849E-A606144229B7}"
EndProject
Project("{FAE04EC0-301F-11D3-BF4B-00C04F79EFBC}") = "TotalSynergy.Data", "TotalSynergy.Data\TotalSynergy.Data.csproj", "{EDD0226D-B79D-4B86-995E-DC34651C780C}"
EndProject
Project("{FAE04EC0-301F-11D3-BF4B-00C04F79EFBC}") = "TotalSynergy.Services", "TotalSynergy.Services\TotalSynergy.Services.csproj", "{D858D9A6-70B5-4E0C-A433-18455A7BD654}"
EndProject
Global
	GlobalSection(SolutionConfigurationPlatforms) = preSolution
		Debug|Any CPU = Debug|Any CPU
		Release|Any CPU = Release|Any CPU
	EndGlobalSection
	GlobalSection(ProjectConfigurationPlatforms) = postSolution
		{E10481F5-124B-4917-955D-F1155B669F55}.Debug|Any CPU.ActiveCfg = Debug|Any CPU
		{E10481F5-124B-4917-955D-F1155B669F55}.Debug|Any CPU.Build.0 = Debug|Any CPU
		{E10481F5-124B-4917-955D-F1155B669F55}.Release|Any CPU.ActiveCfg = Release|Any CPU
		{E10481F5-124B-4917-955D-F1155B669F55}.Release|Any CPU.Build.0 = Release|Any CPU
		{16DC71D4-6445-4E5F-849E-A606144229B7}.Debug|Any CPU.ActiveCfg = Debug|Any CPU
		{16DC71D4-6445-4E5F-849E-A606144229B7}.Debug|Any CPU.Build.0 = Debug|Any CPU
		{16DC71D4-6445-4E5F-849E-A606144229B7}.Release|Any CPU.ActiveCfg = Release|Any CPU
		{16DC71D4-6445-4E5F-849E-A606144229B7}.Release|Any CPU.Build.0 = Release|Any CPU
		{EDD0226D-B79D-4B86-995E-DC34651C780C}.Debug|Any CPU.ActiveCfg = Debug|Any CPU
		{EDD0226D-B79D-4B86-995E-DC34651C780C}.Debug|Any CPU.Build.0 = Debug|Any CPU
		{EDD0226D-B79D-4B86-995E-DC34651C780C}.Release|Any CPU.ActiveCfg = Release|Any CPU
		{EDD0226D-B79D-4B86-995E-DC34651C780C}.Release|Any CPU.Build.0 = Release|Any CPU
		{D858D9A6-70B5-4E0C-A433-18455A7BD654}.Debug|Any CPU.ActiveCfg = Debug|Any CPU
		{D858D9A6-70B5-4E0C-A433-18455A7BD654}.Debug|Any CPU.Build.0 = Debug|Any CPU
		{D858D9A6-70B5-4E0C-A433-18455A7BD654}.Release|Any CPU.ActiveCfg = Release|Any CPU
		{D858D9A6-70B5-4E0C-A433-18455A7BD654}.Release|Any CPU.Build.0 = Release|Any CPU
	EndGlobalSection
	GlobalSection(SolutionProperties) = preSolution
		HideSolutionNode = FALSE
	EndGlobalSection
	GlobalSection(ExtensibilityGlobals) = postSolution
		SolutionGuid = {02B770D7-CB75-4161-AC96-85DFD3D2873F}
	EndGlobalSection
EndGlobal
